{
  "name": "features",
  "version": "1.0.0",
  "lockfileVersion": 1,
  "requires": true,
  "dependencies": {
    "@ckeditor/ckeditor5-core": {
      "version": "19.0.1",
      "resolved": "https://registry.npmjs.org/@ckeditor/ckeditor5-core/-/ckeditor5-core-19.0.1.tgz",
      "integrity": "sha512-HKuJp7XEmg8q6o8T2pIUCQDxLlgx2vtweJeDpgreLrX4IqreE0UQtz+TUyxvtlay55UhVpBP4zrnROxrq4Prng==",
      "requires": {
        "@ckeditor/ckeditor5-engine": "^19.0.1",
        "@ckeditor/ckeditor5-utils": "^19.0.1",
        "lodash-es": "^4.17.10"
      }
    },
    "@ckeditor/ckeditor5-engine": {
      "version": "19.0.1",
      "resolved": "https://registry.npmjs.org/@ckeditor/ckeditor5-engine/-/ckeditor5-engine-19.0.1.tgz",
      "integrity": "sha512-dBE4bSpQzGhoyZaWdDaUJyWG0ltCmpXVkv5YG/x+4s+n3vJf9KKEQcXvj/XPCrMqLaWGKTNugKYfQIEJdOzTZA==",
      "requires": {
        "@ckeditor/ckeditor5-utils": "^19.0.1",
        "lodash-es": "^4.17.10"
      }
    },
    "@ckeditor/ckeditor5-font": {
      "version": "19.0.1",
      "resolved": "https://registry.npmjs.org/@ckeditor/ckeditor5-font/-/ckeditor5-font-19.0.1.tgz",
      "integrity": "sha512-gxOQX8LTRmfBbimSbOk26SVtDcjMJJCe9Dnv91szh314QFG9eI+wynXtvTmgIQupMnOSX91QmBVtfiVMTDiY0A==",
      "requires": {
        "@ckeditor/ckeditor5-core": "^19.0.1",
        "@ckeditor/ckeditor5-ui": "^19.0.1",
        "@ckeditor/ckeditor5-utils": "^19.0.1"
      }
    },
    "@ckeditor/ckeditor5-ui": {
      "version": "19.0.1",
      "resolved": "https://registry.npmjs.org/@ckeditor/ckeditor5-ui/-/ckeditor5-ui-19.0.1.tgz",
      "integrity": "sha512-b5WpNmR75NeZ/5CxXWarYUAaomcoflQVjD8M0JHppJKMrBpfuaogRXIRiqsCq+d4mUKzkrEzBcGElI2MObE5dw==",
      "requires": {
        "@ckeditor/ckeditor5-core": "^19.0.1",
        "@ckeditor/ckeditor5-utils": "^19.0.1",
        "lodash-es": "^4.17.10"
      }
    },
    "@ckeditor/ckeditor5-utils": {
      "version": "19.0.2",
      "resolved": "https://registry.npmjs.org/@ckeditor/ckeditor5-utils/-/ckeditor5-utils-19.0.2.tgz",
      "integrity": "sha512-ZpoCbuyzujERC5WIjT5obrUyo9m4IoAEOgTxiKOyv9Cy8IGrcW1mG01111iwY/j2pWio0rY0kGRIsQaxqcZ+Ag==",
      "requires": {
        "lodash-es": "^4.17.10"
      }
    },
    "lodash-es": {
      "version": "4.17.15",
      "resolved": "https://registry.npmjs.org/lodash-es/-/lodash-es-4.17.15.tgz",
      "integrity": "sha512-rlrc3yU3+JNOpZ9zj5pQtxnx2THmvRykwL4Xlxoa8I9lHBlVbbyPhgyPMioxVZ4NqyxaVVtaJnzsyOidQIhyyQ=="
    }
  }
}
